
Microsoft Visual Studio Solution File, Format Version 12.00
# Visual Studio 15
Project("{FAE04EC0-301F-11D3-BF4B-00C04F79EFBC}") = "Assembly-CSharp", "Assembly-CSharp.csproj", "{8DDE0E8B-0F03-36D9-249E-FCAAB9D0F959}"
EndProject
Project("{FAE04EC0-301F-11D3-BF4B-00C04F79EFBC}") = "Assembly-CSharp-Editor", "Assembly-CSharp-Editor.csproj", "{4480421B-1676-1004-0E04-240B8F31B4DD}"
EndProject
Global
	GlobalSection(SolutionConfigurationPlatforms) = preSolution
		Debug|Any CPU = Debug|Any CPU
		Release|Any CPU = Release|Any CPU
	EndGlobalSection
	GlobalSection(ProjectConfigurationPlatforms) = postSolution
		{8DDE0E8B-0F03-36D9-249E-FCAAB9D0F959}.Debug|Any CPU.ActiveCfg = Debug|Any CPU
		{8DDE0E8B-0F03-36D9-249E-FCAAB9D0F959}.Debug|Any CPU.Build.0 = Debug|Any CPU
		{8DDE0E8B-0F03-36D9-249E-FCAAB9D0F959}.Release|Any CPU.ActiveCfg = Release|Any CPU
		{8DDE0E8B-0F03-36D9-249E-FCAAB9D0F959}.Release|Any CPU.Build.0 = Release|Any CPU
		{4480421B-1676-1004-0E04-240B8F31B4DD}.Debug|Any CPU.ActiveCfg = Debug|Any CPU
		{4480421B-1676-1004-0E04-240B8F31B4DD}.Debug|Any CPU.Build.0 = Debug|Any CPU
		{4480421B-1676-1004-0E04-240B8F31B4DD}.Release|Any CPU.ActiveCfg = Release|Any CPU
		{4480421B-1676-1004-0E04-240B8F31B4DD}.Release|Any CPU.Build.0 = Release|Any CPU
	EndGlobalSection
	GlobalSection(SolutionProperties) = preSolution
		HideSolutionNode = FALSE
	EndGlobalSection
EndGlobal
